
Microsoft Visual Studio Solution File, Format Version 12.00
# Visual Studio Version 17
VisualStudioVersion = 17.14.36414.22 d17.14
MinimumVisualStudioVersion = 10.0.40219.1
Project("{FAE04EC0-301F-11D3-BF4B-00C04F79EFBC}") = "Assignment_2_38_Q1_AbstractDemo", "Assignment_2_38_Q1_AbstractDemo.csproj", "{5BA09EF1-B36F-49B0-8D49-E1260F655A5E}"
EndProject
Global
	GlobalSection(SolutionConfigurationPlatforms) = preSolution
		Debug|Any CPU = Debug|Any CPU
		Release|Any CPU = Release|Any CPU
	EndGlobalSection
	GlobalSection(ProjectConfigurationPlatforms) = postSolution
		{5BA09EF1-B36F-49B0-8D49-E1260F655A5E}.Debug|Any CPU.ActiveCfg = Debug|Any CPU
		{5BA09EF1-B36F-49B0-8D49-E1260F655A5E}.Debug|Any CPU.Build.0 = Debug|Any CPU
		{5BA09EF1-B36F-49B0-8D49-E1260F655A5E}.Release|Any CPU.ActiveCfg = Release|Any CPU
		{5BA09EF1-B36F-49B0-8D49-E1260F655A5E}.Release|Any CPU.Build.0 = Release|Any CPU
	EndGlobalSection
	GlobalSection(SolutionProperties) = preSolution
		HideSolutionNode = FALSE
	EndGlobalSection
	GlobalSection(ExtensibilityGlobals) = postSolution
		SolutionGuid = {0E447DE7-04F5-4557-AD33-DD8C0F576E57}
	EndGlobalSection
EndGlobal
