
Microsoft Visual Studio Solution File, Format Version 12.00
# Visual Studio Version 17
VisualStudioVersion = 17.14.36414.22 d17.14
MinimumVisualStudioVersion = 10.0.40219.1
Project("{FAE04EC0-301F-11D3-BF4B-00C04F79EFBC}") = "GenericCollection", "GenericCollection.csproj", "{836B8C65-9B46-4BCE-98CB-07FE1DC392C8}"
EndProject
Global
	GlobalSection(SolutionConfigurationPlatforms) = preSolution
		Debug|Any CPU = Debug|Any CPU
		Release|Any CPU = Release|Any CPU
	EndGlobalSection
	GlobalSection(ProjectConfigurationPlatforms) = postSolution
		{836B8C65-9B46-4BCE-98CB-07FE1DC392C8}.Debug|Any CPU.ActiveCfg = Debug|Any CPU
		{836B8C65-9B46-4BCE-98CB-07FE1DC392C8}.Debug|Any CPU.Build.0 = Debug|Any CPU
		{836B8C65-9B46-4BCE-98CB-07FE1DC392C8}.Release|Any CPU.ActiveCfg = Release|Any CPU
		{836B8C65-9B46-4BCE-98CB-07FE1DC392C8}.Release|Any CPU.Build.0 = Release|Any CPU
	EndGlobalSection
	GlobalSection(SolutionProperties) = preSolution
		HideSolutionNode = FALSE
	EndGlobalSection
	GlobalSection(ExtensibilityGlobals) = postSolution
		SolutionGuid = {DF516CF0-60C2-4A23-8BD8-A0C0596DFFD8}
	EndGlobalSection
EndGlobal
